// !$*UTF8*$!
{
	archiveVersion = 1;
	classes = {
	};
	objectVersion = 50;
	objects = {

/* Begin PBXBuildFile section */
		1438925125E3BB050066CB1F /* MetalInteractor.swift in Sources */ = {isa = PBXBuildFile; fileRef = 1438925025E3BB050066CB1F /* MetalInteractor.swift */; };
		1438925525E3BB3C0066CB1F /* MetalView.swift in Sources */ = {isa = PBXBuildFile; fileRef = 1438925425E3BB3C0066CB1F /* MetalView.swift */; };
		1438925C25E3BFA70066CB1F /* Craziness.metal in Sources */ = {isa = PBXBuildFile; fileRef = 1438925B25E3BFA70066CB1F /* Craziness.metal */; };
		1441C70D25E24246003BC434 /* AppDelegate.swift in Sources */ = {isa = PBXBuildFile; fileRef = 1441C70C25E24246003BC434 /* AppDelegate.swift */; };
		1441C70F25E24246003BC434 /* SceneDelegate.swift in Sources */ = {isa = PBXBuildFile; fileRef = 1441C70E25E24246003BC434 /* SceneDelegate.swift */; };
		1441C71125E24246003BC434 /* ViewController.swift in Sources */ = {isa = PBXBuildFile; fileRef = 1441C71025E24246003BC434 /* ViewController.swift */; };
		1441C71425E24246003BC434 /* Main.storyboard in Resources */ = {isa = PBXBuildFile; fileRef = 1441C71225E24246003BC434 /* Main.storyboard */; };
		1441C71625E24246003BC434 /* Assets.xcassets in Resources */ = {isa = PBXBuildFile; fileRef = 1441C71525E24246003BC434 /* Assets.xcassets */; };
		1441C71925E24246003BC434 /* LaunchScreen.storyboard in Resources */ = {isa = PBXBuildFile; fileRef = 1441C71725E24246003BC434 /* LaunchScreen.storyboard */; };
		14EB278B25E3E76F00FF4E67 /* Flame.metal in Sources */ = {isa = PBXBuildFile; fileRef = 14EB278A25E3E76F00FF4E67 /* Flame.metal */; };
		14EB279025E3EA1A00FF4E67 /* MetalExtensions.swift in Sources */ = {isa = PBXBuildFile; fileRef = 14EB278F25E3EA1A00FF4E67 /* MetalExtensions.swift */; };
/* End PBXBuildFile section */

/* Begin PBXFileReference section */
		1438925025E3BB050066CB1F /* MetalInteractor.swift */ = {isa = PBXFileReference; lastKnownFileType = sourcecode.swift; path = MetalInteractor.swift; sourceTree = "<group>"; };
		1438925425E3BB3C0066CB1F /* MetalView.swift */ = {isa = PBXFileReference; lastKnownFileType = sourcecode.swift; path = MetalView.swift; sourceTree = "<group>"; };
		1438925B25E3BFA70066CB1F /* Craziness.metal */ = {isa = PBXFileReference; lastKnownFileType = sourcecode.metal; path = Craziness.metal; sourceTree = "<group>"; };
		1441C70925E24246003BC434 /* Shaderzzz.app */ = {isa = PBXFileReference; explicitFileType = wrapper.application; includeInIndex = 0; path = Shaderzzz.app; sourceTree = BUILT_PRODUCTS_DIR; };
		1441C70C25E24246003BC434 /* AppDelegate.swift */ = {isa = PBXFileReference; lastKnownFileType = sourcecode.swift; path = AppDelegate.swift; sourceTree = "<group>"; };
		1441C70E25E24246003BC434 /* SceneDelegate.swift */ = {isa = PBXFileReference; lastKnownFileType = sourcecode.swift; path = SceneDelegate.swift; sourceTree = "<group>"; };
		1441C71025E24246003BC434 /* ViewController.swift */ = {isa = PBXFileReference; lastKnownFileType = sourcecode.swift; path = ViewController.swift; sourceTree = "<group>"; };
		1441C71325E24246003BC434 /* Base */ = {isa = PBXFileReference; lastKnownFileType = file.storyboard; name = Base; path = Base.lproj/Main.storyboard; sourceTree = "<group>"; };
		1441C71525E24246003BC434 /* Assets.xcassets */ = {isa = PBXFileReference; lastKnownFileType = folder.assetcatalog; path = Assets.xcassets; sourceTree = "<group>"; };
		1441C71825E24246003BC434 /* Base */ = {isa = PBXFileReference; lastKnownFileType = file.storyboard; name = Base; path = Base.lproj/LaunchScreen.storyboard; sourceTree = "<group>"; };
		1441C71A25E24246003BC434 /* Info.plist */ = {isa = PBXFileReference; lastKnownFileType = text.plist.xml; path = Info.plist; sourceTree = "<group>"; };
		14EB278A25E3E76F00FF4E67 /* Flame.metal */ = {isa = PBXFileReference; lastKnownFileType = sourcecode.metal; path = Flame.metal; sourceTree = "<group>"; };
		14EB278F25E3EA1A00FF4E67 /* MetalExtensions.swift */ = {isa = PBXFileReference; lastKnownFileType = sourcecode.swift; path = MetalExtensions.swift; sourceTree = "<group>"; };
/* End PBXFileReference section */

/* Begin PBXFrameworksBuildPhase section */
		1441C70625E24246003BC434 /* Frameworks */ = {
			isa = PBXFrameworksBuildPhase;
			buildActionMask = 2147483647;
			files = (
			);
			runOnlyForDeploymentPostprocessing = 0;
		};
/* End PBXFrameworksBuildPhase section */

/* Begin PBXGroup section */
		1438924F25E3BAE80066CB1F /* Sources */ = {
			isa = PBXGroup;
			children = (
				14EB278F25E3EA1A00FF4E67 /* MetalExtensions.swift */,
				1438925025E3BB050066CB1F /* MetalInteractor.swift */,
				1438925425E3BB3C0066CB1F /* MetalView.swift */,
			);
			path = Sources;
			sourceTree = "<group>";
		};
		1441C70025E24246003BC434 = {
			isa = PBXGroup;
			children = (
				1441C70B25E24246003BC434 /* Shaderzzz */,
				1441C70A25E24246003BC434 /* Products */,
			);
			sourceTree = "<group>";
		};
		1441C70A25E24246003BC434 /* Products */ = {
			isa = PBXGroup;
			children = (
				1441C70925E24246003BC434 /* Shaderzzz.app */,
			);
			name = Products;
			sourceTree = "<group>";
		};
		1441C70B25E24246003BC434 /* Shaderzzz */ = {
			isa = PBXGroup;
			children = (
				14EB278D25E3E93D00FF4E67 /* Shaders */,
				1438924F25E3BAE80066CB1F /* Sources */,
				1441C70C25E24246003BC434 /* AppDelegate.swift */,
				1441C70E25E24246003BC434 /* SceneDelegate.swift */,
				1441C71025E24246003BC434 /* ViewController.swift */,
				1441C71225E24246003BC434 /* Main.storyboard */,
				1441C71525E24246003BC434 /* Assets.xcassets */,
				1441C71725E24246003BC434 /* LaunchScreen.storyboard */,
				1441C71A25E24246003BC434 /* Info.plist */,
			);
			path = Shaderzzz;
			sourceTree = "<group>";
		};
		14EB278D25E3E93D00FF4E67 /* Shaders */ = {
			isa = PBXGroup;
			children = (
				1438925B25E3BFA70066CB1F /* Craziness.metal */,
				14EB278A25E3E76F00FF4E67 /* Flame.metal */,
			);
			path = Shaders;
			sourceTree = "<group>";
		};
/* End PBXGroup section */

/* Begin PBXNativeTarget section */
		1441C70825E24246003BC434 /* Shaderzzz */ = {
			isa = PBXNativeTarget;
			buildConfigurationList = 1441C71D25E24246003BC434 /* Build configuration list for PBXNativeTarget "Shaderzzz" */;
			buildPhases = (
				1441C70525E24246003BC434 /* Sources */,
				1441C70625E24246003BC434 /* Frameworks */,
				1441C70725E24246003BC434 /* Resources */,
			);
			buildRules = (
			);
			dependencies = (
			);
			name = Shaderzzz;
			productName = Shaderzzz;
			productReference = 1441C70925E24246003BC434 /* Shaderzzz.app */;
			productType = "com.apple.product-type.application";
		};
/* End PBXNativeTarget section */

/* Begin PBXProject section */
		1441C70125E24246003BC434 /* Project object */ = {
			isa = PBXProject;
			attributes = {
				LastSwiftUpdateCheck = 1230;
				LastUpgradeCheck = 1230;
				TargetAttributes = {
					1441C70825E24246003BC434 = {
						CreatedOnToolsVersion = 12.3;
					};
				};
			};
			buildConfigurationList = 1441C70425E24246003BC434 /* Build configuration list for PBXProject "Shaderzzz" */;
			compatibilityVersion = "Xcode 9.3";
			developmentRegion = en;
			hasScannedForEncodings = 0;
			knownRegions = (
				en,
				Base,
			);
			mainGroup = 1441C70025E24246003BC434;
			productRefGroup = 1441C70A25E24246003BC434 /* Products */;
			projectDirPath = "";
			projectRoot = "";
			targets = (
				1441C70825E24246003BC434 /* Shaderzzz */,
			);
		};
/* End PBXProject section */

/* Begin PBXResourcesBuildPhase section */
		1441C70725E24246003BC434 /* Resources */ = {
			isa = PBXResourcesBuildPhase;
			buildActionMask = 2147483647;
			files = (
				1441C71925E24246003BC434 /* LaunchScreen.storyboard in Resources */,
				1441C71625E24246003BC434 /* Assets.xcassets in Resources */,
				1441C71425E24246003BC434 /* Main.storyboard in Resources */,
			);
			runOnlyForDeploymentPostprocessing = 0;
		};
/* End PBXResourcesBuildPhase section */

/* Begin PBXSourcesBuildPhase section */
		1441C70525E24246003BC434 /* Sources */ = {
			isa = PBXSourcesBuildPhase;
			buildActionMask = 2147483647;
			files = (
				1438925C25E3BFA70066CB1F /* Craziness.metal in Sources */,
				14EB278B25E3E76F00FF4E67 /* Flame.metal in Sources */,
				1441C71125E24246003BC434 /* ViewController.swift in Sources */,
				1441C70D25E24246003BC434 /* AppDelegate.swift in Sources */,
				1438925525E3BB3C0066CB1F /* MetalView.swift in Sources */,
				1438925125E3BB050066CB1F /* MetalInteractor.swift in Sources */,
				1441C70F25E24246003BC434 /* SceneDelegate.swift in Sources */,
				14EB279025E3EA1A00FF4E67 /* MetalExtensions.swift in Sources */,
			);
			runOnlyForDeploymentPostprocessing = 0;
		};
/* End PBXSourcesBuildPhase section */

/* Begin PBXVariantGroup section */
		1441C71225E24246003BC434 /* Main.storyboard */ = {
			isa = PBXVariantGroup;
			children = (
				1441C71325E24246003BC434 /* Base */,
			);
			name = Main.storyboard;
			sourceTree = "<group>";
		};
		1441C71725E24246003BC434 /* LaunchScreen.storyboard */ = {
			isa = PBXVariantGroup;
			children = (
				1441C71825E24246003BC434 /* Base */,
			);
			name = LaunchScreen.storyboard;
			sourceTree = "<group>";
		};
/* End PBXVariantGroup section */

/* Begin XCBuildConfiguration section */
		1441C71B25E24246003BC434 /* Debug */ = {
			isa = XCBuildConfiguration;
			buildSettings = {
				ALWAYS_SEARCH_USER_PATHS = NO;
				CLANG_ANALYZER_NONNULL = YES;
				CLANG_ANALYZER_NUMBER_OBJECT_CONVERSION = YES_AGGRESSIVE;
				CLANG_CXX_LANGUAGE_STANDARD = "gnu++14";
				CLANG_CXX_LIBRARY = "libc++";
				CLANG_ENABLE_MODULES = YES;
				CLANG_ENABLE_OBJC_ARC = YES;
				CLANG_ENABLE_OBJC_WEAK = YES;
				CLANG_WARN_BLOCK_CAPTURE_AUTORELEASING = YES;
				CLANG_WARN_BOOL_CONVERSION = YES;
				CLANG_WARN_COMMA = YES;
				CLANG_WARN_CONSTANT_CONVERSION = YES;
				CLANG_WARN_DEPRECATED_OBJC_IMPLEMENTATIONS = YES;
				CLANG_WARN_DIRECT_OBJC_ISA_USAGE = YES_ERROR;
				CLANG_WARN_DOCUMENTATION_COMMENTS = YES;
				CLANG_WARN_EMPTY_BODY = YES;
				CLANG_WARN_ENUM_CONVERSION = YES;
				CLANG_WARN_INFINITE_RECURSION = YES;
				CLANG_WARN_INT_CONVERSION = YES;
				CLANG_WARN_NON_LITERAL_NULL_CONVERSION = YES;
				CLANG_WARN_OBJC_IMPLICIT_RETAIN_SELF = YES;
				CLANG_WARN_OBJC_LITERAL_CONVERSION = YES;
				CLANG_WARN_OBJC_ROOT_CLASS = YES_ERROR;
				CLANG_WARN_QUOTED_INCLUDE_IN_FRAMEWORK_HEADER = YES;
				CLANG_WARN_RANGE_LOOP_ANALYSIS = YES;
				CLANG_WARN_STRICT_PROTOTYPES = YES;
				CLANG_WARN_SUSPICIOUS_MOVE = YES;
				CLANG_WARN_UNGUARDED_AVAILABILITY = YES_AGGRESSIVE;
				CLANG_WARN_UNREACHABLE_CODE = YES;
				CLANG_WARN__DUPLICATE_METHOD_MATCH = YES;
				COPY_PHASE_STRIP = NO;
				DEBUG_INFORMATION_FORMAT = dwarf;
				ENABLE_STRICT_OBJC_MSGSEND = YES;
				ENABLE_TESTABILITY = YES;
				GCC_C_LANGUAGE_STANDARD = gnu11;
				GCC_DYNAMIC_NO_PIC = NO;
				GCC_NO_COMMON_BLOCKS = YES;
				GCC_OPTIMIZATION_LEVEL = 0;
				GCC_PREPROCESSOR_DEFINITIONS = (
					"DEBUG=1",
					"$(inherited)",
				);
				GCC_WARN_64_TO_32_BIT_CONVERSION = YES;
				GCC_WARN_ABOUT_RETURN_TYPE = YES_ERROR;
				GCC_WARN_UNDECLARED_SELECTOR = YES;
				GCC_WARN_UNINITIALIZED_AUTOS = YES_AGGRESSIVE;
				GCC_WARN_UNUSED_FUNCTION = YES;
				GCC_WARN_UNUSED_VARIABLE = YES;
				IPHONEOS_DEPLOYMENT_TARGET = 14.3;
				MTL_ENABLE_DEBUG_INFO = INCLUDE_SOURCE;
				MTL_FAST_MATH = YES;
				ONLY_ACTIVE_ARCH = YES;
				SDKROOT = iphoneos;
				SWIFT_ACTIVE_COMPILATION_CONDITIONS = DEBUG;
				SWIFT_OPTIMIZATION_LEVEL = "-Onone";
			};
			name = Debug;
		};
		1441C71C25E24246003BC434 /* Release */ = {
			isa = XCBuildConfiguration;
			buildSettings = {
				ALWAYS_SEARCH_USER_PATHS = NO;
				CLANG_ANALYZER_NONNULL = YES;
				CLANG_ANALYZER_NUMBER_OBJECT_CONVERSION = YES_AGGRESSIVE;
				CLANG_CXX_LANGUAGE_STANDARD = "gnu++14";
				CLANG_CXX_LIBRARY = "libc++";
				CLANG_ENABLE_MODULES = YES;
				CLANG_ENABLE_OBJC_ARC = YES;
				CLANG_ENABLE_OBJC_WEAK = YES;
				CLANG_WARN_BLOCK_CAPTURE_AUTORELEASING = YES;
				CLANG_WARN_BOOL_CONVERSION = YES;
				CLANG_WARN_COMMA = YES;
				CLANG_WARN_CONSTANT_CONVERSION = YES;
				CLANG_WARN_DEPRECATED_OBJC_IMPLEMENTATIONS = YES;
				CLANG_WARN_DIRECT_OBJC_ISA_USAGE = YES_ERROR;
				CLANG_WARN_DOCUMENTATION_COMMENTS = YES;
				CLANG_WARN_EMPTY_BODY = YES;
				CLANG_WARN_ENUM_CONVERSION = YES;
				CLANG_WARN_INFINITE_RECURSION = YES;
				CLANG_WARN_INT_CONVERSION = YES;
				CLANG_WARN_NON_LITERAL_NULL_CONVERSION = YES;
				CLANG_WARN_OBJC_IMPLICIT_RETAIN_SELF = YES;
				CLANG_WARN_OBJC_LITERAL_CONVERSION = YES;
				CLANG_WARN_OBJC_ROOT_CLASS = YES_ERROR;
				CLANG_WARN_QUOTED_INCLUDE_IN_FRAMEWORK_HEADER = YES;
				CLANG_WARN_RANGE_LOOP_ANALYSIS = YES;
				CLANG_WARN_STRICT_PROTOTYPES = YES;
				CLANG_WARN_SUSPICIOUS_MOVE = YES;
				CLANG_WARN_UNGUARDED_AVAILABILITY = YES_AGGRESSIVE;
				CLANG_WARN_UNREACHABLE_CODE = YES;
				CLANG_WARN__DUPLICATE_METHOD_MATCH = YES;
				COPY_PHASE_STRIP = NO;
				DEBUG_INFORMATION_FORMAT = "dwarf-with-dsym";
				ENABLE_NS_ASSERTIONS = NO;
				ENABLE_STRICT_OBJC_MSGSEND = YES;
				GCC_C_LANGUAGE_STANDARD = gnu11;
				GCC_NO_COMMON_BLOCKS = YES;
				GCC_WARN_64_TO_32_BIT_CONVERSION = YES;
				GCC_WARN_ABOUT_RETURN_TYPE = YES_ERROR;
				GCC_WARN_UNDECLARED_SELECTOR = YES;
				GCC_WARN_UNINITIALIZED_AUTOS = YES_AGGRESSIVE;
				GCC_WARN_UNUSED_FUNCTION = YES;
				GCC_WARN_UNUSED_VARIABLE = YES;
				IPHONEOS_DEPLOYMENT_TARGET = 14.3;
				MTL_ENABLE_DEBUG_INFO = NO;
				MTL_FAST_MATH = YES;
				SDKROOT = iphoneos;
				SWIFT_COMPILATION_MODE = wholemodule;
				SWIFT_OPTIMIZATION_LEVEL = "-O";
				VALIDATE_PRODUCT = YES;
			};
			name = Release;
		};
		1441C71E25E24246003BC434 /* Debug */ = {
			isa = XCBuildConfiguration;
			buildSettings = {
				ASSETCATALOG_COMPILER_APPICON_NAME = AppIcon;
				ASSETCATALOG_COMPILER_GLOBAL_ACCENT_COLOR_NAME = AccentColor;
				CODE_SIGN_STYLE = Automatic;
				DEVELOPMENT_TEAM = 934H2NV4MS;
				INFOPLIST_FILE = Shaderzzz/Info.plist;
				LD_RUNPATH_SEARCH_PATHS = (
					"$(inherited)",
					"@executable_path/Frameworks",
				);
				PRODUCT_BUNDLE_IDENTIFIER = n.seven.Shaderzzz;
				PRODUCT_NAME = "$(TARGET_NAME)";
				SWIFT_VERSION = 5.0;
				TARGETED_DEVICE_FAMILY = "1,2";
			};
			name = Debug;
		};
		1441C71F25E24246003BC434 /* Release */ = {
			isa = XCBuildConfiguration;
			buildSettings = {
				ASSETCATALOG_COMPILER_APPICON_NAME = AppIcon;
				ASSETCATALOG_COMPILER_GLOBAL_ACCENT_COLOR_NAME = AccentColor;
				CODE_SIGN_STYLE = Automatic;
				DEVELOPMENT_TEAM = 934H2NV4MS;
				INFOPLIST_FILE = Shaderzzz/Info.plist;
				LD_RUNPATH_SEARCH_PATHS = (
					"$(inherited)",
					"@executable_path/Frameworks",
				);
				PRODUCT_BUNDLE_IDENTIFIER = n.seven.Shaderzzz;
				PRODUCT_NAME = "$(TARGET_NAME)";
				SWIFT_VERSION = 5.0;
				TARGETED_DEVICE_FAMILY = "1,2";
			};
			name = Release;
		};
/* End XCBuildConfiguration section */

/* Begin XCConfigurationList section */
		1441C70425E24246003BC434 /* Build configuration list for PBXProject "Shaderzzz" */ = {
			isa = XCConfigurationList;
			buildConfigurations = (
				1441C71B25E24246003BC434 /* Debug */,
				1441C71C25E24246003BC434 /* Release */,
			);
			defaultConfigurationIsVisible = 0;
			defaultConfigurationName = Release;
		};
		1441C71D25E24246003BC434 /* Build configuration list for PBXNativeTarget "Shaderzzz" */ = {
			isa = XCConfigurationList;
			buildConfigurations = (
				1441C71E25E24246003BC434 /* Debug */,
				1441C71F25E24246003BC434 /* Release */,
			);
			defaultConfigurationIsVisible = 0;
			defaultConfigurationName = Release;
		};
/* End XCConfigurationList section */
	};
	rootObject = 1441C70125E24246003BC434 /* Project object */;
}
